
Microsoft Visual Studio Solution File, Format Version 12.00
# Visual Studio Version 17
VisualStudioVersion = 17.13.35913.81 d17.13
MinimumVisualStudioVersion = 10.0.40219.1
Project("{FAE04EC0-301F-11D3-BF4B-00C04F79EFBC}") = "INFASS_LEPITEN", "INFASS_LEPITEN\INFASS_LEPITEN.csproj", "{93C440E9-C0EF-44D7-907B-15F9D41CDE9D}"
EndProject
Global
	GlobalSection(SolutionConfigurationPlatforms) = preSolution
		Debug|Any CPU = Debug|Any CPU
		Release|Any CPU = Release|Any CPU
	EndGlobalSection
	GlobalSection(ProjectConfigurationPlatforms) = postSolution
		{93C440E9-C0EF-44D7-907B-15F9D41CDE9D}.Debug|Any CPU.ActiveCfg = Debug|Any CPU
		{93C440E9-C0EF-44D7-907B-15F9D41CDE9D}.Debug|Any CPU.Build.0 = Debug|Any CPU
		{93C440E9-C0EF-44D7-907B-15F9D41CDE9D}.Release|Any CPU.ActiveCfg = Release|Any CPU
		{93C440E9-C0EF-44D7-907B-15F9D41CDE9D}.Release|Any CPU.Build.0 = Release|Any CPU
	EndGlobalSection
	GlobalSection(SolutionProperties) = preSolution
		HideSolutionNode = FALSE
	EndGlobalSection
	GlobalSection(ExtensibilityGlobals) = postSolution
		SolutionGuid = {D7BE2CFE-23E2-4316-8232-28E8F423AD33}
	EndGlobalSection
EndGlobal
